
Microsoft Visual Studio Solution File, Format Version 12.00
# Visual Studio Version 16
VisualStudioVersion = 16.0.31424.327
MinimumVisualStudioVersion = 10.0.40219.1
Project("{9A19103F-16F7-4668-BE54-9A1E7A4F7556}") = "Ecomerece_Web", "Ecomerece_Web\Ecomerece_Web.csproj", "{CF8A57AE-DAE5-4877-8EFC-07F6214CCD5C}"
EndProject
Project("{FAE04EC0-301F-11D3-BF4B-00C04F79EFBC}") = "IDS", "IDS\IDS.csproj", "{D50A1D98-92A4-44C4-B124-D80A32E1BE66}"
EndProject
Global
	GlobalSection(SolutionConfigurationPlatforms) = preSolution
		Debug|Any CPU = Debug|Any CPU
		Release|Any CPU = Release|Any CPU
	EndGlobalSection
	GlobalSection(ProjectConfigurationPlatforms) = postSolution
		{CF8A57AE-DAE5-4877-8EFC-07F6214CCD5C}.Debug|Any CPU.ActiveCfg = Debug|Any CPU
		{CF8A57AE-DAE5-4877-8EFC-07F6214CCD5C}.Debug|Any CPU.Build.0 = Debug|Any CPU
		{CF8A57AE-DAE5-4877-8EFC-07F6214CCD5C}.Release|Any CPU.ActiveCfg = Release|Any CPU
		{CF8A57AE-DAE5-4877-8EFC-07F6214CCD5C}.Release|Any CPU.Build.0 = Release|Any CPU
		{D50A1D98-92A4-44C4-B124-D80A32E1BE66}.Debug|Any CPU.ActiveCfg = Debug|Any CPU
		{D50A1D98-92A4-44C4-B124-D80A32E1BE66}.Debug|Any CPU.Build.0 = Debug|Any CPU
		{D50A1D98-92A4-44C4-B124-D80A32E1BE66}.Release|Any CPU.ActiveCfg = Release|Any CPU
		{D50A1D98-92A4-44C4-B124-D80A32E1BE66}.Release|Any CPU.Build.0 = Release|Any CPU
	EndGlobalSection
	GlobalSection(SolutionProperties) = preSolution
		HideSolutionNode = FALSE
	EndGlobalSection
	GlobalSection(ExtensibilityGlobals) = postSolution
		SolutionGuid = {F895D189-4E01-4A97-BE16-2C91F49AA28A}
	EndGlobalSection
EndGlobal
